
Microsoft Visual Studio Solution File, Format Version 12.00
# Visual Studio Version 17
VisualStudioVersion = 17.11.35312.102
MinimumVisualStudioVersion = 10.0.40219.1
Project("{FAE04EC0-301F-11D3-BF4B-00C04F79EFBC}") = "LAB5", "LAB5\LAB5.csproj", "{C2CD17F3-A559-453E-BC81-3034407B52DE}"
EndProject
Global
	GlobalSection(SolutionConfigurationPlatforms) = preSolution
		Debug|Any CPU = Debug|Any CPU
		Release|Any CPU = Release|Any CPU
	EndGlobalSection
	GlobalSection(ProjectConfigurationPlatforms) = postSolution
		{C2CD17F3-A559-453E-BC81-3034407B52DE}.Debug|Any CPU.ActiveCfg = Debug|Any CPU
		{C2CD17F3-A559-453E-BC81-3034407B52DE}.Debug|Any CPU.Build.0 = Debug|Any CPU
		{C2CD17F3-A559-453E-BC81-3034407B52DE}.Release|Any CPU.ActiveCfg = Release|Any CPU
		{C2CD17F3-A559-453E-BC81-3034407B52DE}.Release|Any CPU.Build.0 = Release|Any CPU
	EndGlobalSection
	GlobalSection(SolutionProperties) = preSolution
		HideSolutionNode = FALSE
	EndGlobalSection
	GlobalSection(ExtensibilityGlobals) = postSolution
		SolutionGuid = {18F4D1AB-A735-4FF9-8FD5-A300A8DDDD93}
	EndGlobalSection
EndGlobal
